
Microsoft Visual Studio Solution File, Format Version 12.00
# Visual Studio Version 16
VisualStudioVersion = 16.0.34407.143
MinimumVisualStudioVersion = 10.0.40219.1
Project("{FAE04EC0-301F-11D3-BF4B-00C04F79EFBC}") = "ConsoleApp1", "ConsoleApp1.csproj", "{821393A0-7CC4-4D40-8CCD-03FB9B7FB775}"
EndProject
Global
	GlobalSection(SolutionConfigurationPlatforms) = preSolution
		Debug|Any CPU = Debug|Any CPU
		Release|Any CPU = Release|Any CPU
	EndGlobalSection
	GlobalSection(ProjectConfigurationPlatforms) = postSolution
		{821393A0-7CC4-4D40-8CCD-03FB9B7FB775}.Debug|Any CPU.ActiveCfg = Debug|Any CPU
		{821393A0-7CC4-4D40-8CCD-03FB9B7FB775}.Debug|Any CPU.Build.0 = Debug|Any CPU
		{821393A0-7CC4-4D40-8CCD-03FB9B7FB775}.Release|Any CPU.ActiveCfg = Release|Any CPU
		{821393A0-7CC4-4D40-8CCD-03FB9B7FB775}.Release|Any CPU.Build.0 = Release|Any CPU
	EndGlobalSection
	GlobalSection(SolutionProperties) = preSolution
		HideSolutionNode = FALSE
	EndGlobalSection
	GlobalSection(ExtensibilityGlobals) = postSolution
		SolutionGuid = {914D736C-0558-4807-ACC5-FDFA233E592C}
	EndGlobalSection
EndGlobal
